<?xml version="1.0" encoding="utf-8"?>
<Project ToolsVersion="4.0" xmlns="http://schemas.microsoft.com/developer/msbuild/2003">
  <ItemGroup>
    <Filter Include="Source Files">
      <UniqueIdentifier>{4FC737F1-C7A5-4376-A066-2A32D752A2FF}</UniqueIdentifier>
      <Extensions>cpp;c;cc;cxx;c++;cppm;ixx;def;odl;idl;hpj;bat;asm;asmx</Extensions>
    </Filter>
    <Filter Include="Header Files">
      <UniqueIdentifier>{93995380-89BD-4b04-88EB-625FBE52EBFB}</UniqueIdentifier>
      <Extensions>h;hh;hpp;hxx;h++;hm;inl;inc;ipp;xsd</Extensions>
    </Filter>
    <Filter Include="Resource Files">
      <UniqueIdentifier>{67DA6AB6-F800-4c08-8B7A-83BB121AAD01}</UniqueIdentifier>
      <Extensions>rc;ico;cur;bmp;dlg;rc2;rct;bin;rgs;gif;jpg;jpeg;jpe;resx;tiff;tif;png;wav;mfcribbon-ms</Extensions>
    </Filter>
    <Filter Include="Media">
      <UniqueIdentifier>{7e7c095f-383c-4595-b487-c2f4efe7ae61}</UniqueIdentifier>
    </Filter>
  </ItemGroup>
  <ItemGroup>
    <Text Include="Media\Copy Assets Here.txt">
      <Filter>Media</Filter>
    </Text>
  </ItemGroup>
  <ItemGroup>
    <ClCompile Include="src\ai.c">
      <Filter>Source Files</Filter>
    </ClCompile>
    <ClCompile Include="src\audio.c">
      <Filter>Source Files</Filter>
    </ClCompile>
    <ClCompile Include="src\bullet.c">
      <Filter>Source Files</Filter>
    </ClCompile>
    <ClCompile Include="src\game.c">
      <Filter>Source Files</Filter>
    </ClCompile>
    <ClCompile Include="src\helper.c">
      <Filter>Source Files</Filter>
    </ClCompile>
    <ClCompile Include="src\main.c">
      <Filter>Source Files</Filter>
    </ClCompile>
    <ClCompile Include="src\map.c">
      <Filter>Source Files</Filter>
    </ClCompile>
    <ClCompile Include="src\net.c">
      <Filter>Source Files</Filter>
    </ClCompile>
    <ClCompile Include="src\player.c">
      <Filter>Source Files</Filter>
    </ClCompile>
    <ClCompile Include="src\prng.c">
      <Filter>Source Files</Filter>
    </ClCompile>
    <ClCompile Include="src\render.c">
      <Filter>Source Files</Filter>
    </ClCompile>
    <ClCompile Include="src\res.c">
      <Filter>Source Files</Filter>
    </ClCompile>
    <ClCompile Include="src\sprite.c">
      <Filter>Source Files</Filter>
    </ClCompile>
    <ClCompile Include="src\storage.c">
      <Filter>Source Files</Filter>
    </ClCompile>
    <ClCompile Include="src\types.c">
      <Filter>Source Files</Filter>
    </ClCompile>
    <ClCompile Include="src\ui.c">
      <Filter>Source Files</Filter>
    </ClCompile>
    <ClCompile Include="src\weapon.c">
      <Filter>Source Files</Filter>
    </ClCompile>
  </ItemGroup>
  <ItemGroup>
    <ClInclude Include="src\adt.h">
      <Filter>Header Files</Filter>
    </ClInclude>
    <ClInclude Include="src\ai.h">
      <Filter>Header Files</Filter>
    </ClInclude>
    <ClInclude Include="src\audio.h">
      <Filter>Header Files</Filter>
    </ClInclude>
    <ClInclude Include="src\bullet.h">
      <Filter>Header Files</Filter>
    </ClInclude>
    <ClInclude Include="src\game.h">
      <Filter>Header Files</Filter>
    </ClInclude>
    <ClInclude Include="src\helper.h">
      <Filter>Header Files</Filter>
    </ClInclude>
    <ClInclude Include="src\map.h">
      <Filter>Header Files</Filter>
    </ClInclude>
    <ClInclude Include="src\net.h">
      <Filter>Header Files</Filter>
    </ClInclude>
    <ClInclude Include="src\player.h">
      <Filter>Header Files</Filter>
    </ClInclude>
    <ClInclude Include="src\prng.h">
      <Filter>Header Files</Filter>
    </ClInclude>
    <ClInclude Include="src\render.h">
      <Filter>Header Files</Filter>
    </ClInclude>
    <ClInclude Include="src\res.h">
      <Filter>Header Files</Filter>
    </ClInclude>
    <ClInclude Include="src\sprite.h">
      <Filter>Header Files</Filter>
    </ClInclude>
    <ClInclude Include="src\storage.h">
      <Filter>Header Files</Filter>
    </ClInclude>
    <ClInclude Include="src\text.h">
      <Filter>Header Files</Filter>
    </ClInclude>
    <ClInclude Include="src\types.h">
      <Filter>Header Files</Filter>
    </ClInclude>
    <ClInclude Include="src\ui.h">
      <Filter>Header Files</Filter>
    </ClInclude>
    <ClInclude Include="src\weapon.h">
      <Filter>Header Files</Filter>
    </ClInclude>
    <ClInclude Include="src\stdbool.h">
      <Filter>Header Files</Filter>
    </ClInclude>
  </ItemGroup>
</Project>