
Microsoft Visual Studio Solution File, Format Version 12.00
# Visual Studio Version 17
VisualStudioVersion = 17.14.36616.10 d17.14
MinimumVisualStudioVersion = 10.0.40219.1
Project("{8BC9CEB8-8B4A-11D0-8D11-00A0C91BC942}") = "DungeonRush", "DungeonRush.vcxproj", "{E8AD1139-F6AF-4770-B829-F81386100B7D}"
	ProjectSection(ProjectDependencies) = postProject
		{08806D45-83D0-45C3-AAEA-3B076B3D8CDA} = {08806D45-83D0-45C3-AAEA-3B076B3D8CDA}
		{383C1696-EF03-4193-AAA7-33C9E40ED154} = {383C1696-EF03-4193-AAA7-33C9E40ED154}
		{7C481C7D-ECA7-4F9E-879C-105784F3543D} = {7C481C7D-ECA7-4F9E-879C-105784F3543D}
		{A9BE8326-536F-42C4-8022-32F42D472DE4} = {A9BE8326-536F-42C4-8022-32F42D472DE4}
		{C8591726-CEED-4553-A6F5-A0FBBF5E68D2} = {C8591726-CEED-4553-A6F5-A0FBBF5E68D2}
		{EF73A5DF-B372-4E1C-BCB4-3DA1A4002BDD} = {EF73A5DF-B372-4E1C-BCB4-3DA1A4002BDD}
	EndProjectSection
EndProject
Project("{8BC9CEB8-8B4A-11D0-8D11-00A0C91BC942}") = "libSDL2x", "RXDK-SDL2x\libSDL2x\libSDL2x.vcxproj", "{7C481C7D-ECA7-4F9E-879C-105784F3543D}"
EndProject
Project("{8BC9CEB8-8B4A-11D0-8D11-00A0C91BC942}") = "libSDL2x_image", "RXDK-SDL2x\libSDL2x_image\libSDL2x_image.vcxproj", "{A9BE8326-536F-42C4-8022-32F42D472DE4}"
	ProjectSection(ProjectDependencies) = postProject
		{7C481C7D-ECA7-4F9E-879C-105784F3543D} = {7C481C7D-ECA7-4F9E-879C-105784F3543D}
	EndProjectSection
EndProject
Project("{8BC9CEB8-8B4A-11D0-8D11-00A0C91BC942}") = "libSDL2x_mixer", "RXDK-SDL2x\libSDL2x_mixer\libSDL2x_mixer.vcxproj", "{08806D45-83D0-45C3-AAEA-3B076B3D8CDA}"
	ProjectSection(ProjectDependencies) = postProject
		{7C481C7D-ECA7-4F9E-879C-105784F3543D} = {7C481C7D-ECA7-4F9E-879C-105784F3543D}
	EndProjectSection
EndProject
Project("{8BC9CEB8-8B4A-11D0-8D11-00A0C91BC942}") = "libSDL2x_net", "RXDK-SDL2x\libSDL2x_net\libSDL2x_net.vcxproj", "{383C1696-EF03-4193-AAA7-33C9E40ED154}"
	ProjectSection(ProjectDependencies) = postProject
		{7C481C7D-ECA7-4F9E-879C-105784F3543D} = {7C481C7D-ECA7-4F9E-879C-105784F3543D}
	EndProjectSection
EndProject
Project("{8BC9CEB8-8B4A-11D0-8D11-00A0C91BC942}") = "libSDL2x_ttf", "RXDK-SDL2x\libSDL2x_ttf\libSDL2x_ttf.vcxproj", "{EF73A5DF-B372-4E1C-BCB4-3DA1A4002BDD}"
	ProjectSection(ProjectDependencies) = postProject
		{7C481C7D-ECA7-4F9E-879C-105784F3543D} = {7C481C7D-ECA7-4F9E-879C-105784F3543D}
		{C8591726-CEED-4553-A6F5-A0FBBF5E68D2} = {C8591726-CEED-4553-A6F5-A0FBBF5E68D2}
	EndProjectSection
EndProject
Project("{8BC9CEB8-8B4A-11D0-8D11-00A0C91BC942}") = "freetype-xbox", "RXDK-SDL2x\libSDL2x_ttf\external\freetype\freetype-xbox.vcxproj", "{C8591726-CEED-4553-A6F5-A0FBBF5E68D2}"
EndProject
Project("{2150E333-8FDC-42A3-9474-1A3956D46DE8}") = "SDL", "SDL", "{02EA681E-C7D8-13C7-8484-4AC65E1B71E8}"
EndProject
Project("{2150E333-8FDC-42A3-9474-1A3956D46DE8}") = "SDL_deps", "SDL_deps", "{8D7786E7-A404-4810-8712-88EA796046C8}"
EndProject
Global
	GlobalSection(SolutionConfigurationPlatforms) = preSolution
		Debug|x86 = Debug|x86
		Release|x86 = Release|x86
	EndGlobalSection
	GlobalSection(ProjectConfigurationPlatforms) = postSolution
		{E8AD1139-F6AF-4770-B829-F81386100B7D}.Debug|x86.ActiveCfg = Debug|Win32
		{E8AD1139-F6AF-4770-B829-F81386100B7D}.Debug|x86.Build.0 = Debug|Win32
		{E8AD1139-F6AF-4770-B829-F81386100B7D}.Release|x86.ActiveCfg = Release|Win32
		{E8AD1139-F6AF-4770-B829-F81386100B7D}.Release|x86.Build.0 = Release|Win32
		{7C481C7D-ECA7-4F9E-879C-105784F3543D}.Debug|x86.ActiveCfg = Debug|Win32
		{7C481C7D-ECA7-4F9E-879C-105784F3543D}.Debug|x86.Build.0 = Debug|Win32
		{7C481C7D-ECA7-4F9E-879C-105784F3543D}.Release|x86.ActiveCfg = Release|Win32
		{7C481C7D-ECA7-4F9E-879C-105784F3543D}.Release|x86.Build.0 = Release|Win32
		{A9BE8326-536F-42C4-8022-32F42D472DE4}.Debug|x86.ActiveCfg = Debug|Win32
		{A9BE8326-536F-42C4-8022-32F42D472DE4}.Debug|x86.Build.0 = Debug|Win32
		{A9BE8326-536F-42C4-8022-32F42D472DE4}.Release|x86.ActiveCfg = Release|Win32
		{A9BE8326-536F-42C4-8022-32F42D472DE4}.Release|x86.Build.0 = Release|Win32
		{08806D45-83D0-45C3-AAEA-3B076B3D8CDA}.Debug|x86.ActiveCfg = Debug|Win32
		{08806D45-83D0-45C3-AAEA-3B076B3D8CDA}.Debug|x86.Build.0 = Debug|Win32
		{08806D45-83D0-45C3-AAEA-3B076B3D8CDA}.Release|x86.ActiveCfg = Release|Win32
		{08806D45-83D0-45C3-AAEA-3B076B3D8CDA}.Release|x86.Build.0 = Release|Win32
		{383C1696-EF03-4193-AAA7-33C9E40ED154}.Debug|x86.ActiveCfg = Debug|Win32
		{383C1696-EF03-4193-AAA7-33C9E40ED154}.Debug|x86.Build.0 = Debug|Win32
		{383C1696-EF03-4193-AAA7-33C9E40ED154}.Release|x86.ActiveCfg = Release|Win32
		{383C1696-EF03-4193-AAA7-33C9E40ED154}.Release|x86.Build.0 = Release|Win32
		{EF73A5DF-B372-4E1C-BCB4-3DA1A4002BDD}.Debug|x86.ActiveCfg = Debug|Win32
		{EF73A5DF-B372-4E1C-BCB4-3DA1A4002BDD}.Debug|x86.Build.0 = Debug|Win32
		{EF73A5DF-B372-4E1C-BCB4-3DA1A4002BDD}.Release|x86.ActiveCfg = Release|Win32
		{EF73A5DF-B372-4E1C-BCB4-3DA1A4002BDD}.Release|x86.Build.0 = Release|Win32
		{C8591726-CEED-4553-A6F5-A0FBBF5E68D2}.Debug|x86.ActiveCfg = Debug|Win32
		{C8591726-CEED-4553-A6F5-A0FBBF5E68D2}.Debug|x86.Build.0 = Debug|Win32
		{C8591726-CEED-4553-A6F5-A0FBBF5E68D2}.Release|x86.ActiveCfg = Release|Win32
		{C8591726-CEED-4553-A6F5-A0FBBF5E68D2}.Release|x86.Build.0 = Release|Win32
	EndGlobalSection
	GlobalSection(SolutionProperties) = preSolution
		HideSolutionNode = FALSE
	EndGlobalSection
	GlobalSection(NestedProjects) = preSolution
		{7C481C7D-ECA7-4F9E-879C-105784F3543D} = {02EA681E-C7D8-13C7-8484-4AC65E1B71E8}
		{A9BE8326-536F-42C4-8022-32F42D472DE4} = {02EA681E-C7D8-13C7-8484-4AC65E1B71E8}
		{08806D45-83D0-45C3-AAEA-3B076B3D8CDA} = {02EA681E-C7D8-13C7-8484-4AC65E1B71E8}
		{383C1696-EF03-4193-AAA7-33C9E40ED154} = {02EA681E-C7D8-13C7-8484-4AC65E1B71E8}
		{EF73A5DF-B372-4E1C-BCB4-3DA1A4002BDD} = {02EA681E-C7D8-13C7-8484-4AC65E1B71E8}
		{C8591726-CEED-4553-A6F5-A0FBBF5E68D2} = {8D7786E7-A404-4810-8712-88EA796046C8}
	EndGlobalSection
	GlobalSection(ExtensibilityGlobals) = postSolution
		SolutionGuid = {482E113A-32B4-4195-BCCF-9850377A85C8}
	EndGlobalSection
EndGlobal
